
Microsoft Visual Studio Solution File, Format Version 12.00
# Visual Studio Version 18
VisualStudioVersion = 18.6.11819.183
MinimumVisualStudioVersion = 10.0.40219.1
Project("{FAE04EC0-301F-11D3-BF4B-00C04F79EFBC}") = "HelloWorld", "HelloWorld\HelloWorld.csproj", "{BD3D5941-F70F-40F7-BB8B-C151F6128D90}"
EndProject
Project("{FAE04EC0-301F-11D3-BF4B-00C04F79EFBC}") = "0001.WhatComesNext", "0001.WhatComesNext\0001.WhatComesNext.csproj", "{DC204ECC-B1BB-4F51-A5F6-40F6AE7FD5CF}"
EndProject
Project("{FAE04EC0-301F-11D3-BF4B-00C04F79EFBC}") = "0002.TheMakingOfProgrammer", "0002.TheMakingOfProgrammer\0002.TheMakingOfProgrammer.csproj", "{13F1FD12-9A57-445C-9F68-C339808941FD}"
EndProject
Project("{FAE04EC0-301F-11D3-BF4B-00C04F79EFBC}") = "0003.ConsolasAndTelim", "0003.ConsolasAndTelim\0003.ConsolasAndTelim.csproj", "{E0A3ED65-FF65-4713-B703-B81258288538}"
EndProject
Project("{FAE04EC0-301F-11D3-BF4B-00C04F79EFBC}") = "0004.TheThingNamer3000", "0004.TheThingNamer3000\0004.TheThingNamer3000.csproj", "{46AC63DD-1085-4648-92A4-569A815E74F7}"
EndProject
Project("{2150E333-8FDC-42A3-9474-1A3956D46DE8}") = "Level 4", "Level 4", "{02EA681E-C7D8-13C7-8484-4AC65E1B71E8}"
EndProject
Project("{FAE04EC0-301F-11D3-BF4B-00C04F79EFBC}") = "0005.TheVariableShop", "0005.TheVariableShop\0005.TheVariableShop.csproj", "{1A33728F-EBB9-4276-9E4E-F5B182AEDF2F}"
EndProject
Project("{FAE04EC0-301F-11D3-BF4B-00C04F79EFBC}") = "0006.TheVariableShopReturns", "0006.TheVariableShopReturns\0006.TheVariableShopReturns.csproj", "{FBE869CE-CE5E-439B-A455-338EAEE534C3}"
EndProject
Project("{2150E333-8FDC-42A3-9474-1A3956D46DE8}") = "Level 6", "Level 6", "{D9BC526A-7911-4A79-814C-C667206C8FFC}"
EndProject
Project("{FAE04EC0-301F-11D3-BF4B-00C04F79EFBC}") = "0007.TheTriangleFarmer", "0007.TheTriangleFarmer\0007.TheTriangleFarmer.csproj", "{5EAB0182-12A0-4550-AC02-E37031191E63}"
EndProject
Project("{FAE04EC0-301F-11D3-BF4B-00C04F79EFBC}") = "0008.TheFourSisterAndTheDuckbear", "0008.TheFourSisterAndTheDuckbear\0008.TheFourSisterAndTheDuckbear.csproj", "{65FF5504-B11A-424E-BC34-911F68267E08}"
EndProject
Project("{FAE04EC0-301F-11D3-BF4B-00C04F79EFBC}") = "0009.TheDominionOfKings", "0009.TheDominionOfKings\0009.TheDominionOfKings.csproj", "{5EC9ECA3-1997-43DB-A5AD-CD3E6657C3A2}"
EndProject
Project("{2150E333-8FDC-42A3-9474-1A3956D46DE8}") = "Level 7", "Level 7", "{4FD03096-13E7-49A8-9571-D2C81CDF2A47}"
EndProject
Project("{FAE04EC0-301F-11D3-BF4B-00C04F79EFBC}") = "0015.TheMagicCannon", "0015.TheMagicCannon\0015.TheMagicCannon.csproj", "{6F964973-F4A9-F211-56E3-6640AAF3DAB8}"
EndProject
Project("{FAE04EC0-301F-11D3-BF4B-00C04F79EFBC}") = "0014.ThePrototype", "0014.ThePrototype\0014.ThePrototype.csproj", "{E687A7AA-1F67-D5BC-9A13-1D1C1B47F037}"
EndProject
Project("{FAE04EC0-301F-11D3-BF4B-00C04F79EFBC}") = "0013.BuyingInventory", "0013.BuyingInventory\0013.BuyingInventory.csproj", "{09A0ECF4-1FB2-8597-4E05-B5F1514E7327}"
EndProject
Project("{FAE04EC0-301F-11D3-BF4B-00C04F79EFBC}") = "0012.Watchtower", "0012.Watchtower\0012.Watchtower.csproj", "{9CDBF30C-2070-41D2-E082-C35843279A5D}"
EndProject
Project("{FAE04EC0-301F-11D3-BF4B-00C04F79EFBC}") = "0011.RepairingTheClocktower", "0011.RepairingTheClocktower\0011.RepairingTheClocktower.csproj", "{A25F88B6-CF89-1A89-8594-29C75C4A819C}"
EndProject
Project("{FAE04EC0-301F-11D3-BF4B-00C04F79EFBC}") = "0010.TheDefenseOfConsolas", "0010.TheDefenseOfConsolas\0010.TheDefenseOfConsolas.csproj", "{F497C97F-F252-6815-8142-B0858F124849}"
EndProject
Project("{2150E333-8FDC-42A3-9474-1A3956D46DE8}") = "Level 8", "Level 8", "{EC98BE41-4914-411E-8754-5DB1CF16CE3B}"
EndProject
Project("{2150E333-8FDC-42A3-9474-1A3956D46DE8}") = "Level 9", "Level 9", "{3E0ED4BD-4102-42A1-99FC-FF11D7E0D537}"
EndProject
Project("{2150E333-8FDC-42A3-9474-1A3956D46DE8}") = "Level10", "Level10", "{2F3FACD8-64B9-479A-BDD5-76EBC257DCDD}"
EndProject
Project("{2150E333-8FDC-42A3-9474-1A3956D46DE8}") = "Level11", "Level11", "{9CD79EA0-94ED-420B-8196-9E11768952DB}"
EndProject
Project("{2150E333-8FDC-42A3-9474-1A3956D46DE8}") = "Level12", "Level12", "{EECB2910-24C8-4C73-8075-6139D6CEEB62}"
EndProject
Project("{FAE04EC0-301F-11D3-BF4B-00C04F79EFBC}") = "TestingCode", "TestingCode\TestingCode.csproj", "{3AE7860D-10FE-415C-9B0E-6337249D7B3F}"
EndProject
Project("{FAE04EC0-301F-11D3-BF4B-00C04F79EFBC}") = "0016.TheReplicatorOfDTo", "0016.TheReplicatorOfDTo\0016.TheReplicatorOfDTo.csproj", "{3CE2D275-A78F-4B7A-A4D4-EC07C4BE9131}"
EndProject
Project("{FAE04EC0-301F-11D3-BF4B-00C04F79EFBC}") = "0017.TheLawsOfFreach", "0017.TheLawsOfFreach\0017.TheLawsOfFreach.csproj", "{E3EF3164-E495-4644-9EAA-7BC97693787E}"
EndProject
Project("{FAE04EC0-301F-11D3-BF4B-00C04F79EFBC}") = "0018.Arrays_Tutorial", "0018.Arrays_Tutorial\0018.Arrays_Tutorial.csproj", "{F32219DF-8742-44E9-A2FC-CA840E513807}"
EndProject
Project("{2150E333-8FDC-42A3-9474-1A3956D46DE8}") = "Level13", "Level13", "{BC06552A-B583-4295-AD73-2080408481DA}"
EndProject
Project("{FAE04EC0-301F-11D3-BF4B-00C04F79EFBC}") = "0019.Methods", "0019.Methods\0019.Methods.csproj", "{0158F868-E5AE-4405-AEFF-D6D2960FA556}"
EndProject
Project("{FAE04EC0-301F-11D3-BF4B-00C04F79EFBC}") = "0020.TakingANumber", "0020.TakingANumber\0020.TakingANumber.csproj", "{DEFAE2F9-EEF5-422A-AA69-CC0AF18F8ACC}"
EndProject
Project("{FAE04EC0-301F-11D3-BF4B-00C04F79EFBC}") = "0021.Countdown", "0021.Countdown\0021.Countdown.csproj", "{C2970847-15EF-4FBC-9623-89B3E40519AE}"
EndProject
Project("{2150E333-8FDC-42A3-9474-1A3956D46DE8}") = "Level14", "Level14", "{F082446E-3930-4BDC-A17A-42E6CB3DAC55}"
EndProject
Project("{FAE04EC0-301F-11D3-BF4B-00C04F79EFBC}") = "0022.TheBossBattle_HuntingTheManticore", "0022.TheBossBattle_HuntingTheManticore\0022.TheBossBattle_HuntingTheManticore.csproj", "{D506C40F-F6D5-48ED-B895-B8A0444233D5}"
EndProject
Project("{2150E333-8FDC-42A3-9474-1A3956D46DE8}") = "PART1-Basics", "PART1-Basics", "{0E79BA10-F2C9-48AD-8C18-821FC4D4CAE8}"
EndProject
Project("{2150E333-8FDC-42A3-9474-1A3956D46DE8}") = "PART2-ObjectOrientedProgramming", "PART2-ObjectOrientedProgramming", "{40B322DC-92A0-4B08-B218-50189D4C9B38}"
EndProject
Project("{2150E333-8FDC-42A3-9474-1A3956D46DE8}") = "Level16-Enumeration", "Level16-Enumeration", "{A371A230-7E15-407F-8C9A-FE6F2A6FB624}"
EndProject
Project("{FAE04EC0-301F-11D3-BF4B-00C04F79EFBC}") = "023.SimulasTest", "0023.SimulasTest\023.SimulasTest.csproj", "{0544D975-9A9A-4209-AF14-3231079417E5}"
EndProject
Project("{2150E333-8FDC-42A3-9474-1A3956D46DE8}") = "Level17 - Tuples", "Level17 - Tuples", "{AF44F370-AB88-4F3C-93BE-47E8955B1C3D}"
EndProject
Project("{FAE04EC0-301F-11D3-BF4B-00C04F79EFBC}") = "024.Simula'sSoup", "024.Simula'sSoup\024.Simula'sSoup.csproj", "{3D95C5F9-4564-49EA-8BC4-63CD70D05792}"
EndProject
Project("{2150E333-8FDC-42A3-9474-1A3956D46DE8}") = "Level18 - Classes", "Level18 - Classes", "{8846228B-5061-4534-9662-2C1045073179}"
EndProject
Project("{FAE04EC0-301F-11D3-BF4B-00C04F79EFBC}") = "025.Vin_Fletchers_Arrows", "025.Vin_Fletchers_Arrows\025.Vin_Fletchers_Arrows.csproj", "{9FCA4635-E7BA-4E06-862C-CC23DA1E12CF}"
EndProject
Project("{2150E333-8FDC-42A3-9474-1A3956D46DE8}") = "Level19-InformationHiding", "Level19-InformationHiding", "{27B764F1-2C9E-4F31-8EE1-3D5D0288B9C7}"
EndProject
Project("{FAE04EC0-301F-11D3-BF4B-00C04F79EFBC}") = "026.VinsTrouble", "026.VinsTrouble\026.VinsTrouble.csproj", "{882E7C16-A248-429A-A9CF-33B9EE41E86B}"
EndProject
Project("{2150E333-8FDC-42A3-9474-1A3956D46DE8}") = "Level20-Proprties", "Level20-Proprties", "{53FF4EBB-4240-4019-9EEA-0472A94912CA}"
EndProject
Project("{FAE04EC0-301F-11D3-BF4B-00C04F79EFBC}") = "027.ThePropertiesOfArrows", "027.ThePropertiesOfArrows\027.ThePropertiesOfArrows.csproj", "{3DA6F360-0320-4E33-9A89-9196CF549242}"
EndProject
Project("{FAE04EC0-301F-11D3-BF4B-00C04F79EFBC}") = "HelperClasses", "HelperClasses\HelperClasses.csproj", "{1CC014B6-F9E4-44C6-A9F9-D8C3F97A1C86}"
EndProject
Project("{2150E333-8FDC-42A3-9474-1A3956D46DE8}") = "Level21-Static", "Level21-Static", "{606679A0-D374-49F4-8755-39CC50095723}"
EndProject
Project("{FAE04EC0-301F-11D3-BF4B-00C04F79EFBC}") = "028.ArrowFactories", "028.ArrowFactories\028.ArrowFactories.csproj", "{7C7B969A-2F6D-4460-BA16-5C2436485BC4}"
EndProject
Global
	GlobalSection(SolutionConfigurationPlatforms) = preSolution
		Debug|Any CPU = Debug|Any CPU
		Release|Any CPU = Release|Any CPU
	EndGlobalSection
	GlobalSection(ProjectConfigurationPlatforms) = postSolution
		{BD3D5941-F70F-40F7-BB8B-C151F6128D90}.Debug|Any CPU.ActiveCfg = Debug|Any CPU
		{BD3D5941-F70F-40F7-BB8B-C151F6128D90}.Debug|Any CPU.Build.0 = Debug|Any CPU
		{BD3D5941-F70F-40F7-BB8B-C151F6128D90}.Release|Any CPU.ActiveCfg = Release|Any CPU
		{BD3D5941-F70F-40F7-BB8B-C151F6128D90}.Release|Any CPU.Build.0 = Release|Any CPU
		{DC204ECC-B1BB-4F51-A5F6-40F6AE7FD5CF}.Debug|Any CPU.ActiveCfg = Debug|Any CPU
		{DC204ECC-B1BB-4F51-A5F6-40F6AE7FD5CF}.Debug|Any CPU.Build.0 = Debug|Any CPU
		{DC204ECC-B1BB-4F51-A5F6-40F6AE7FD5CF}.Release|Any CPU.ActiveCfg = Release|Any CPU
		{DC204ECC-B1BB-4F51-A5F6-40F6AE7FD5CF}.Release|Any CPU.Build.0 = Release|Any CPU
		{13F1FD12-9A57-445C-9F68-C339808941FD}.Debug|Any CPU.ActiveCfg = Debug|Any CPU
		{13F1FD12-9A57-445C-9F68-C339808941FD}.Debug|Any CPU.Build.0 = Debug|Any CPU
		{13F1FD12-9A57-445C-9F68-C339808941FD}.Release|Any CPU.ActiveCfg = Release|Any CPU
		{13F1FD12-9A57-445C-9F68-C339808941FD}.Release|Any CPU.Build.0 = Release|Any CPU
		{E0A3ED65-FF65-4713-B703-B81258288538}.Debug|Any CPU.ActiveCfg = Debug|Any CPU
		{E0A3ED65-FF65-4713-B703-B81258288538}.Debug|Any CPU.Build.0 = Debug|Any CPU
		{E0A3ED65-FF65-4713-B703-B81258288538}.Release|Any CPU.ActiveCfg = Release|Any CPU
		{E0A3ED65-FF65-4713-B703-B81258288538}.Release|Any CPU.Build.0 = Release|Any CPU
		{46AC63DD-1085-4648-92A4-569A815E74F7}.Debug|Any CPU.ActiveCfg = Debug|Any CPU
		{46AC63DD-1085-4648-92A4-569A815E74F7}.Debug|Any CPU.Build.0 = Debug|Any CPU
		{46AC63DD-1085-4648-92A4-569A815E74F7}.Release|Any CPU.ActiveCfg = Release|Any CPU
		{46AC63DD-1085-4648-92A4-569A815E74F7}.Release|Any CPU.Build.0 = Release|Any CPU
		{1A33728F-EBB9-4276-9E4E-F5B182AEDF2F}.Debug|Any CPU.ActiveCfg = Debug|Any CPU
		{1A33728F-EBB9-4276-9E4E-F5B182AEDF2F}.Debug|Any CPU.Build.0 = Debug|Any CPU
		{1A33728F-EBB9-4276-9E4E-F5B182AEDF2F}.Release|Any CPU.ActiveCfg = Release|Any CPU
		{1A33728F-EBB9-4276-9E4E-F5B182AEDF2F}.Release|Any CPU.Build.0 = Release|Any CPU
		{FBE869CE-CE5E-439B-A455-338EAEE534C3}.Debug|Any CPU.ActiveCfg = Debug|Any CPU
		{FBE869CE-CE5E-439B-A455-338EAEE534C3}.Debug|Any CPU.Build.0 = Debug|Any CPU
		{FBE869CE-CE5E-439B-A455-338EAEE534C3}.Release|Any CPU.ActiveCfg = Release|Any CPU
		{FBE869CE-CE5E-439B-A455-338EAEE534C3}.Release|Any CPU.Build.0 = Release|Any CPU
		{5EAB0182-12A0-4550-AC02-E37031191E63}.Debug|Any CPU.ActiveCfg = Debug|Any CPU
		{5EAB0182-12A0-4550-AC02-E37031191E63}.Debug|Any CPU.Build.0 = Debug|Any CPU
		{5EAB0182-12A0-4550-AC02-E37031191E63}.Release|Any CPU.ActiveCfg = Release|Any CPU
		{5EAB0182-12A0-4550-AC02-E37031191E63}.Release|Any CPU.Build.0 = Release|Any CPU
		{65FF5504-B11A-424E-BC34-911F68267E08}.Debug|Any CPU.ActiveCfg = Debug|Any CPU
		{65FF5504-B11A-424E-BC34-911F68267E08}.Debug|Any CPU.Build.0 = Debug|Any CPU
		{65FF5504-B11A-424E-BC34-911F68267E08}.Release|Any CPU.ActiveCfg = Release|Any CPU
		{65FF5504-B11A-424E-BC34-911F68267E08}.Release|Any CPU.Build.0 = Release|Any CPU
		{5EC9ECA3-1997-43DB-A5AD-CD3E6657C3A2}.Debug|Any CPU.ActiveCfg = Debug|Any CPU
		{5EC9ECA3-1997-43DB-A5AD-CD3E6657C3A2}.Debug|Any CPU.Build.0 = Debug|Any CPU
		{5EC9ECA3-1997-43DB-A5AD-CD3E6657C3A2}.Release|Any CPU.ActiveCfg = Release|Any CPU
		{5EC9ECA3-1997-43DB-A5AD-CD3E6657C3A2}.Release|Any CPU.Build.0 = Release|Any CPU
		{6F964973-F4A9-F211-56E3-6640AAF3DAB8}.Debug|Any CPU.ActiveCfg = Debug|Any CPU
		{6F964973-F4A9-F211-56E3-6640AAF3DAB8}.Debug|Any CPU.Build.0 = Debug|Any CPU
		{6F964973-F4A9-F211-56E3-6640AAF3DAB8}.Release|Any CPU.ActiveCfg = Release|Any CPU
		{6F964973-F4A9-F211-56E3-6640AAF3DAB8}.Release|Any CPU.Build.0 = Release|Any CPU
		{E687A7AA-1F67-D5BC-9A13-1D1C1B47F037}.Debug|Any CPU.ActiveCfg = Debug|Any CPU
		{E687A7AA-1F67-D5BC-9A13-1D1C1B47F037}.Debug|Any CPU.Build.0 = Debug|Any CPU
		{E687A7AA-1F67-D5BC-9A13-1D1C1B47F037}.Release|Any CPU.ActiveCfg = Release|Any CPU
		{E687A7AA-1F67-D5BC-9A13-1D1C1B47F037}.Release|Any CPU.Build.0 = Release|Any CPU
		{09A0ECF4-1FB2-8597-4E05-B5F1514E7327}.Debug|Any CPU.ActiveCfg = Debug|Any CPU
		{09A0ECF4-1FB2-8597-4E05-B5F1514E7327}.Debug|Any CPU.Build.0 = Debug|Any CPU
		{09A0ECF4-1FB2-8597-4E05-B5F1514E7327}.Release|Any CPU.ActiveCfg = Release|Any CPU
		{09A0ECF4-1FB2-8597-4E05-B5F1514E7327}.Release|Any CPU.Build.0 = Release|Any CPU
		{9CDBF30C-2070-41D2-E082-C35843279A5D}.Debug|Any CPU.ActiveCfg = Debug|Any CPU
		{9CDBF30C-2070-41D2-E082-C35843279A5D}.Debug|Any CPU.Build.0 = Debug|Any CPU
		{9CDBF30C-2070-41D2-E082-C35843279A5D}.Release|Any CPU.ActiveCfg = Release|Any CPU
		{9CDBF30C-2070-41D2-E082-C35843279A5D}.Release|Any CPU.Build.0 = Release|Any CPU
		{A25F88B6-CF89-1A89-8594-29C75C4A819C}.Debug|Any CPU.ActiveCfg = Debug|Any CPU
		{A25F88B6-CF89-1A89-8594-29C75C4A819C}.Debug|Any CPU.Build.0 = Debug|Any CPU
		{A25F88B6-CF89-1A89-8594-29C75C4A819C}.Release|Any CPU.ActiveCfg = Release|Any CPU
		{A25F88B6-CF89-1A89-8594-29C75C4A819C}.Release|Any CPU.Build.0 = Release|Any CPU
		{F497C97F-F252-6815-8142-B0858F124849}.Debug|Any CPU.ActiveCfg = Debug|Any CPU
		{F497C97F-F252-6815-8142-B0858F124849}.Debug|Any CPU.Build.0 = Debug|Any CPU
		{F497C97F-F252-6815-8142-B0858F124849}.Release|Any CPU.ActiveCfg = Release|Any CPU
		{F497C97F-F252-6815-8142-B0858F124849}.Release|Any CPU.Build.0 = Release|Any CPU
		{3AE7860D-10FE-415C-9B0E-6337249D7B3F}.Debug|Any CPU.ActiveCfg = Debug|Any CPU
		{3AE7860D-10FE-415C-9B0E-6337249D7B3F}.Debug|Any CPU.Build.0 = Debug|Any CPU
		{3AE7860D-10FE-415C-9B0E-6337249D7B3F}.Release|Any CPU.ActiveCfg = Release|Any CPU
		{3AE7860D-10FE-415C-9B0E-6337249D7B3F}.Release|Any CPU.Build.0 = Release|Any CPU
		{3CE2D275-A78F-4B7A-A4D4-EC07C4BE9131}.Debug|Any CPU.ActiveCfg = Debug|Any CPU
		{3CE2D275-A78F-4B7A-A4D4-EC07C4BE9131}.Debug|Any CPU.Build.0 = Debug|Any CPU
		{3CE2D275-A78F-4B7A-A4D4-EC07C4BE9131}.Release|Any CPU.ActiveCfg = Release|Any CPU
		{3CE2D275-A78F-4B7A-A4D4-EC07C4BE9131}.Release|Any CPU.Build.0 = Release|Any CPU
		{E3EF3164-E495-4644-9EAA-7BC97693787E}.Debug|Any CPU.ActiveCfg = Debug|Any CPU
		{E3EF3164-E495-4644-9EAA-7BC97693787E}.Debug|Any CPU.Build.0 = Debug|Any CPU
		{E3EF3164-E495-4644-9EAA-7BC97693787E}.Release|Any CPU.ActiveCfg = Release|Any CPU
		{E3EF3164-E495-4644-9EAA-7BC97693787E}.Release|Any CPU.Build.0 = Release|Any CPU
		{F32219DF-8742-44E9-A2FC-CA840E513807}.Debug|Any CPU.ActiveCfg = Debug|Any CPU
		{F32219DF-8742-44E9-A2FC-CA840E513807}.Debug|Any CPU.Build.0 = Debug|Any CPU
		{F32219DF-8742-44E9-A2FC-CA840E513807}.Release|Any CPU.ActiveCfg = Release|Any CPU
		{F32219DF-8742-44E9-A2FC-CA840E513807}.Release|Any CPU.Build.0 = Release|Any CPU
		{0158F868-E5AE-4405-AEFF-D6D2960FA556}.Debug|Any CPU.ActiveCfg = Debug|Any CPU
		{0158F868-E5AE-4405-AEFF-D6D2960FA556}.Debug|Any CPU.Build.0 = Debug|Any CPU
		{0158F868-E5AE-4405-AEFF-D6D2960FA556}.Release|Any CPU.ActiveCfg = Release|Any CPU
		{0158F868-E5AE-4405-AEFF-D6D2960FA556}.Release|Any CPU.Build.0 = Release|Any CPU
		{DEFAE2F9-EEF5-422A-AA69-CC0AF18F8ACC}.Debug|Any CPU.ActiveCfg = Debug|Any CPU
		{DEFAE2F9-EEF5-422A-AA69-CC0AF18F8ACC}.Debug|Any CPU.Build.0 = Debug|Any CPU
		{DEFAE2F9-EEF5-422A-AA69-CC0AF18F8ACC}.Release|Any CPU.ActiveCfg = Release|Any CPU
		{DEFAE2F9-EEF5-422A-AA69-CC0AF18F8ACC}.Release|Any CPU.Build.0 = Release|Any CPU
		{C2970847-15EF-4FBC-9623-89B3E40519AE}.Debug|Any CPU.ActiveCfg = Debug|Any CPU
		{C2970847-15EF-4FBC-9623-89B3E40519AE}.Debug|Any CPU.Build.0 = Debug|Any CPU
		{C2970847-15EF-4FBC-9623-89B3E40519AE}.Release|Any CPU.ActiveCfg = Release|Any CPU
		{C2970847-15EF-4FBC-9623-89B3E40519AE}.Release|Any CPU.Build.0 = Release|Any CPU
		{D506C40F-F6D5-48ED-B895-B8A0444233D5}.Debug|Any CPU.ActiveCfg = Debug|Any CPU
		{D506C40F-F6D5-48ED-B895-B8A0444233D5}.Debug|Any CPU.Build.0 = Debug|Any CPU
		{D506C40F-F6D5-48ED-B895-B8A0444233D5}.Release|Any CPU.ActiveCfg = Release|Any CPU
		{D506C40F-F6D5-48ED-B895-B8A0444233D5}.Release|Any CPU.Build.0 = Release|Any CPU
		{0544D975-9A9A-4209-AF14-3231079417E5}.Debug|Any CPU.ActiveCfg = Debug|Any CPU
		{0544D975-9A9A-4209-AF14-3231079417E5}.Debug|Any CPU.Build.0 = Debug|Any CPU
		{0544D975-9A9A-4209-AF14-3231079417E5}.Release|Any CPU.ActiveCfg = Release|Any CPU
		{0544D975-9A9A-4209-AF14-3231079417E5}.Release|Any CPU.Build.0 = Release|Any CPU
		{3D95C5F9-4564-49EA-8BC4-63CD70D05792}.Debug|Any CPU.ActiveCfg = Debug|Any CPU
		{3D95C5F9-4564-49EA-8BC4-63CD70D05792}.Debug|Any CPU.Build.0 = Debug|Any CPU
		{3D95C5F9-4564-49EA-8BC4-63CD70D05792}.Release|Any CPU.ActiveCfg = Release|Any CPU
		{3D95C5F9-4564-49EA-8BC4-63CD70D05792}.Release|Any CPU.Build.0 = Release|Any CPU
		{9FCA4635-E7BA-4E06-862C-CC23DA1E12CF}.Debug|Any CPU.ActiveCfg = Debug|Any CPU
		{9FCA4635-E7BA-4E06-862C-CC23DA1E12CF}.Debug|Any CPU.Build.0 = Debug|Any CPU
		{9FCA4635-E7BA-4E06-862C-CC23DA1E12CF}.Release|Any CPU.ActiveCfg = Release|Any CPU
		{9FCA4635-E7BA-4E06-862C-CC23DA1E12CF}.Release|Any CPU.Build.0 = Release|Any CPU
		{882E7C16-A248-429A-A9CF-33B9EE41E86B}.Debug|Any CPU.ActiveCfg = Debug|Any CPU
		{882E7C16-A248-429A-A9CF-33B9EE41E86B}.Debug|Any CPU.Build.0 = Debug|Any CPU
		{882E7C16-A248-429A-A9CF-33B9EE41E86B}.Release|Any CPU.ActiveCfg = Release|Any CPU
		{882E7C16-A248-429A-A9CF-33B9EE41E86B}.Release|Any CPU.Build.0 = Release|Any CPU
		{3DA6F360-0320-4E33-9A89-9196CF549242}.Debug|Any CPU.ActiveCfg = Debug|Any CPU
		{3DA6F360-0320-4E33-9A89-9196CF549242}.Debug|Any CPU.Build.0 = Debug|Any CPU
		{3DA6F360-0320-4E33-9A89-9196CF549242}.Release|Any CPU.ActiveCfg = Release|Any CPU
		{3DA6F360-0320-4E33-9A89-9196CF549242}.Release|Any CPU.Build.0 = Release|Any CPU
		{1CC014B6-F9E4-44C6-A9F9-D8C3F97A1C86}.Debug|Any CPU.ActiveCfg = Debug|Any CPU
		{1CC014B6-F9E4-44C6-A9F9-D8C3F97A1C86}.Debug|Any CPU.Build.0 = Debug|Any CPU
		{1CC014B6-F9E4-44C6-A9F9-D8C3F97A1C86}.Release|Any CPU.ActiveCfg = Release|Any CPU
		{1CC014B6-F9E4-44C6-A9F9-D8C3F97A1C86}.Release|Any CPU.Build.0 = Release|Any CPU
		{7C7B969A-2F6D-4460-BA16-5C2436485BC4}.Debug|Any CPU.ActiveCfg = Debug|Any CPU
		{7C7B969A-2F6D-4460-BA16-5C2436485BC4}.Debug|Any CPU.Build.0 = Debug|Any CPU
		{7C7B969A-2F6D-4460-BA16-5C2436485BC4}.Release|Any CPU.ActiveCfg = Release|Any CPU
		{7C7B969A-2F6D-4460-BA16-5C2436485BC4}.Release|Any CPU.Build.0 = Release|Any CPU
	EndGlobalSection
	GlobalSection(SolutionProperties) = preSolution
		HideSolutionNode = FALSE
	EndGlobalSection
	GlobalSection(NestedProjects) = preSolution
		{DC204ECC-B1BB-4F51-A5F6-40F6AE7FD5CF} = {02EA681E-C7D8-13C7-8484-4AC65E1B71E8}
		{13F1FD12-9A57-445C-9F68-C339808941FD} = {02EA681E-C7D8-13C7-8484-4AC65E1B71E8}
		{E0A3ED65-FF65-4713-B703-B81258288538} = {02EA681E-C7D8-13C7-8484-4AC65E1B71E8}
		{46AC63DD-1085-4648-92A4-569A815E74F7} = {02EA681E-C7D8-13C7-8484-4AC65E1B71E8}
		{02EA681E-C7D8-13C7-8484-4AC65E1B71E8} = {0E79BA10-F2C9-48AD-8C18-821FC4D4CAE8}
		{1A33728F-EBB9-4276-9E4E-F5B182AEDF2F} = {D9BC526A-7911-4A79-814C-C667206C8FFC}
		{FBE869CE-CE5E-439B-A455-338EAEE534C3} = {D9BC526A-7911-4A79-814C-C667206C8FFC}
		{D9BC526A-7911-4A79-814C-C667206C8FFC} = {0E79BA10-F2C9-48AD-8C18-821FC4D4CAE8}
		{5EAB0182-12A0-4550-AC02-E37031191E63} = {4FD03096-13E7-49A8-9571-D2C81CDF2A47}
		{65FF5504-B11A-424E-BC34-911F68267E08} = {4FD03096-13E7-49A8-9571-D2C81CDF2A47}
		{5EC9ECA3-1997-43DB-A5AD-CD3E6657C3A2} = {4FD03096-13E7-49A8-9571-D2C81CDF2A47}
		{4FD03096-13E7-49A8-9571-D2C81CDF2A47} = {0E79BA10-F2C9-48AD-8C18-821FC4D4CAE8}
		{6F964973-F4A9-F211-56E3-6640AAF3DAB8} = {9CD79EA0-94ED-420B-8196-9E11768952DB}
		{E687A7AA-1F67-D5BC-9A13-1D1C1B47F037} = {9CD79EA0-94ED-420B-8196-9E11768952DB}
		{09A0ECF4-1FB2-8597-4E05-B5F1514E7327} = {2F3FACD8-64B9-479A-BDD5-76EBC257DCDD}
		{9CDBF30C-2070-41D2-E082-C35843279A5D} = {3E0ED4BD-4102-42A1-99FC-FF11D7E0D537}
		{A25F88B6-CF89-1A89-8594-29C75C4A819C} = {3E0ED4BD-4102-42A1-99FC-FF11D7E0D537}
		{F497C97F-F252-6815-8142-B0858F124849} = {EC98BE41-4914-411E-8754-5DB1CF16CE3B}
		{EC98BE41-4914-411E-8754-5DB1CF16CE3B} = {0E79BA10-F2C9-48AD-8C18-821FC4D4CAE8}
		{3E0ED4BD-4102-42A1-99FC-FF11D7E0D537} = {0E79BA10-F2C9-48AD-8C18-821FC4D4CAE8}
		{2F3FACD8-64B9-479A-BDD5-76EBC257DCDD} = {0E79BA10-F2C9-48AD-8C18-821FC4D4CAE8}
		{9CD79EA0-94ED-420B-8196-9E11768952DB} = {0E79BA10-F2C9-48AD-8C18-821FC4D4CAE8}
		{EECB2910-24C8-4C73-8075-6139D6CEEB62} = {0E79BA10-F2C9-48AD-8C18-821FC4D4CAE8}
		{3CE2D275-A78F-4B7A-A4D4-EC07C4BE9131} = {EECB2910-24C8-4C73-8075-6139D6CEEB62}
		{E3EF3164-E495-4644-9EAA-7BC97693787E} = {EECB2910-24C8-4C73-8075-6139D6CEEB62}
		{F32219DF-8742-44E9-A2FC-CA840E513807} = {EECB2910-24C8-4C73-8075-6139D6CEEB62}
		{BC06552A-B583-4295-AD73-2080408481DA} = {0E79BA10-F2C9-48AD-8C18-821FC4D4CAE8}
		{0158F868-E5AE-4405-AEFF-D6D2960FA556} = {BC06552A-B583-4295-AD73-2080408481DA}
		{DEFAE2F9-EEF5-422A-AA69-CC0AF18F8ACC} = {BC06552A-B583-4295-AD73-2080408481DA}
		{C2970847-15EF-4FBC-9623-89B3E40519AE} = {BC06552A-B583-4295-AD73-2080408481DA}
		{F082446E-3930-4BDC-A17A-42E6CB3DAC55} = {0E79BA10-F2C9-48AD-8C18-821FC4D4CAE8}
		{D506C40F-F6D5-48ED-B895-B8A0444233D5} = {F082446E-3930-4BDC-A17A-42E6CB3DAC55}
		{A371A230-7E15-407F-8C9A-FE6F2A6FB624} = {40B322DC-92A0-4B08-B218-50189D4C9B38}
		{0544D975-9A9A-4209-AF14-3231079417E5} = {A371A230-7E15-407F-8C9A-FE6F2A6FB624}
		{AF44F370-AB88-4F3C-93BE-47E8955B1C3D} = {40B322DC-92A0-4B08-B218-50189D4C9B38}
		{3D95C5F9-4564-49EA-8BC4-63CD70D05792} = {AF44F370-AB88-4F3C-93BE-47E8955B1C3D}
		{8846228B-5061-4534-9662-2C1045073179} = {40B322DC-92A0-4B08-B218-50189D4C9B38}
		{9FCA4635-E7BA-4E06-862C-CC23DA1E12CF} = {8846228B-5061-4534-9662-2C1045073179}
		{27B764F1-2C9E-4F31-8EE1-3D5D0288B9C7} = {40B322DC-92A0-4B08-B218-50189D4C9B38}
		{882E7C16-A248-429A-A9CF-33B9EE41E86B} = {27B764F1-2C9E-4F31-8EE1-3D5D0288B9C7}
		{53FF4EBB-4240-4019-9EEA-0472A94912CA} = {40B322DC-92A0-4B08-B218-50189D4C9B38}
		{3DA6F360-0320-4E33-9A89-9196CF549242} = {53FF4EBB-4240-4019-9EEA-0472A94912CA}
		{606679A0-D374-49F4-8755-39CC50095723} = {40B322DC-92A0-4B08-B218-50189D4C9B38}
		{7C7B969A-2F6D-4460-BA16-5C2436485BC4} = {606679A0-D374-49F4-8755-39CC50095723}
	EndGlobalSection
	GlobalSection(ExtensibilityGlobals) = postSolution
		SolutionGuid = {B26B264D-5DA0-495D-8E42-55AE184A9AA2}
	EndGlobalSection
EndGlobal
